
Microsoft Visual Studio Solution File, Format Version 12.00
# Visual Studio Version 17
VisualStudioVersion = 17.5.33424.131
MinimumVisualStudioVersion = 10.0.40219.1
Project("{FAE04EC0-301F-11D3-BF4B-00C04F79EFBC}") = "HRGS.WebApp", "HRGS.WebApp\HRGS.WebApp.csproj", "{801AADA2-B688-4C03-B5F4-16FAEA691ED6}"
EndProject
Project("{FAE04EC0-301F-11D3-BF4B-00C04F79EFBC}") = "HRGS.Entities", "HRGS.Entities\HRGS.Entities.csproj", "{662806AA-F6EF-4244-BAA9-5C07BF7E717C}"
EndProject
Project("{FAE04EC0-301F-11D3-BF4B-00C04F79EFBC}") = "HRGS.IRepositories", "HRGS.IRepositories\HRGS.IRepositories.csproj", "{AD7F326A-2C39-46D4-8EC6-AFB9CE550559}"
EndProject
Project("{FAE04EC0-301F-11D3-BF4B-00C04F79EFBC}") = "HRGS.Repositories", "HRGS.Repositories\HRGS.Repositories.csproj", "{9CD2D306-D115-4F6F-A978-EAA3D58E9AF1}"
EndProject
Project("{FAE04EC0-301F-11D3-BF4B-00C04F79EFBC}") = "HRGS.Dtos", "HRGS.Dtos\HRGS.Dtos.csproj", "{8A7FCB60-3E42-4AEA-AE99-7825D897C597}"
EndProject
Project("{FAE04EC0-301F-11D3-BF4B-00C04F79EFBC}") = "HRGS.IServices", "HRGS.IServices\HRGS.IServices.csproj", "{DAA4511C-D8D6-44B8-87BE-031775883960}"
EndProject
Project("{FAE04EC0-301F-11D3-BF4B-00C04F79EFBC}") = "HRGS.Services", "HRGS.Services\HRGS.Services.csproj", "{8463ED2A-03B3-4226-9C09-E360F8642F6E}"
EndProject
Project("{FAE04EC0-301F-11D3-BF4B-00C04F79EFBC}") = "HRGS.Commons", "HRGS.Common\HRGS.Commons.csproj", "{F8513714-80B9-4034-87EF-8CBAC91C1218}"
EndProject
Project("{2150E333-8FDC-42A3-9474-1A3956D46DE8}") = "Models", "Models", "{8327B790-49FF-48B1-8738-B75CA3C77F6A}"
EndProject
Project("{2150E333-8FDC-42A3-9474-1A3956D46DE8}") = "Repository", "Repository", "{EAE011DF-077A-47B6-9E82-B60E5DB5C9C8}"
EndProject
Project("{2150E333-8FDC-42A3-9474-1A3956D46DE8}") = "Service", "Service", "{8A8C8B4B-32AF-4141-950E-EF4BB67D34BD}"
EndProject
Project("{2150E333-8FDC-42A3-9474-1A3956D46DE8}") = "Tools", "Tools", "{57F3FA34-6509-401B-8324-DDCB666E81E5}"
EndProject
Project("{2150E333-8FDC-42A3-9474-1A3956D46DE8}") = "Web", "Web", "{59805BE0-FB02-4182-A55C-7A754E757F16}"
EndProject
Global
	GlobalSection(SolutionConfigurationPlatforms) = preSolution
		Debug|Any CPU = Debug|Any CPU
		Release|Any CPU = Release|Any CPU
	EndGlobalSection
	GlobalSection(ProjectConfigurationPlatforms) = postSolution
		{801AADA2-B688-4C03-B5F4-16FAEA691ED6}.Debug|Any CPU.ActiveCfg = Debug|Any CPU
		{801AADA2-B688-4C03-B5F4-16FAEA691ED6}.Debug|Any CPU.Build.0 = Debug|Any CPU
		{801AADA2-B688-4C03-B5F4-16FAEA691ED6}.Release|Any CPU.ActiveCfg = Release|Any CPU
		{801AADA2-B688-4C03-B5F4-16FAEA691ED6}.Release|Any CPU.Build.0 = Release|Any CPU
		{662806AA-F6EF-4244-BAA9-5C07BF7E717C}.Debug|Any CPU.ActiveCfg = Debug|Any CPU
		{662806AA-F6EF-4244-BAA9-5C07BF7E717C}.Debug|Any CPU.Build.0 = Debug|Any CPU
		{662806AA-F6EF-4244-BAA9-5C07BF7E717C}.Release|Any CPU.ActiveCfg = Release|Any CPU
		{662806AA-F6EF-4244-BAA9-5C07BF7E717C}.Release|Any CPU.Build.0 = Release|Any CPU
		{AD7F326A-2C39-46D4-8EC6-AFB9CE550559}.Debug|Any CPU.ActiveCfg = Debug|Any CPU
		{AD7F326A-2C39-46D4-8EC6-AFB9CE550559}.Debug|Any CPU.Build.0 = Debug|Any CPU
		{AD7F326A-2C39-46D4-8EC6-AFB9CE550559}.Release|Any CPU.ActiveCfg = Release|Any CPU
		{AD7F326A-2C39-46D4-8EC6-AFB9CE550559}.Release|Any CPU.Build.0 = Release|Any CPU
		{9CD2D306-D115-4F6F-A978-EAA3D58E9AF1}.Debug|Any CPU.ActiveCfg = Debug|Any CPU
		{9CD2D306-D115-4F6F-A978-EAA3D58E9AF1}.Debug|Any CPU.Build.0 = Debug|Any CPU
		{9CD2D306-D115-4F6F-A978-EAA3D58E9AF1}.Release|Any CPU.ActiveCfg = Release|Any CPU
		{9CD2D306-D115-4F6F-A978-EAA3D58E9AF1}.Release|Any CPU.Build.0 = Release|Any CPU
		{8A7FCB60-3E42-4AEA-AE99-7825D897C597}.Debug|Any CPU.ActiveCfg = Debug|Any CPU
		{8A7FCB60-3E42-4AEA-AE99-7825D897C597}.Debug|Any CPU.Build.0 = Debug|Any CPU
		{8A7FCB60-3E42-4AEA-AE99-7825D897C597}.Release|Any CPU.ActiveCfg = Release|Any CPU
		{8A7FCB60-3E42-4AEA-AE99-7825D897C597}.Release|Any CPU.Build.0 = Release|Any CPU
		{DAA4511C-D8D6-44B8-87BE-031775883960}.Debug|Any CPU.ActiveCfg = Debug|Any CPU
		{DAA4511C-D8D6-44B8-87BE-031775883960}.Debug|Any CPU.Build.0 = Debug|Any CPU
		{DAA4511C-D8D6-44B8-87BE-031775883960}.Release|Any CPU.ActiveCfg = Release|Any CPU
		{DAA4511C-D8D6-44B8-87BE-031775883960}.Release|Any CPU.Build.0 = Release|Any CPU
		{8463ED2A-03B3-4226-9C09-E360F8642F6E}.Debug|Any CPU.ActiveCfg = Debug|Any CPU
		{8463ED2A-03B3-4226-9C09-E360F8642F6E}.Debug|Any CPU.Build.0 = Debug|Any CPU
		{8463ED2A-03B3-4226-9C09-E360F8642F6E}.Release|Any CPU.ActiveCfg = Release|Any CPU
		{8463ED2A-03B3-4226-9C09-E360F8642F6E}.Release|Any CPU.Build.0 = Release|Any CPU
		{F8513714-80B9-4034-87EF-8CBAC91C1218}.Debug|Any CPU.ActiveCfg = Debug|Any CPU
		{F8513714-80B9-4034-87EF-8CBAC91C1218}.Debug|Any CPU.Build.0 = Debug|Any CPU
		{F8513714-80B9-4034-87EF-8CBAC91C1218}.Release|Any CPU.ActiveCfg = Release|Any CPU
		{F8513714-80B9-4034-87EF-8CBAC91C1218}.Release|Any CPU.Build.0 = Release|Any CPU
	EndGlobalSection
	GlobalSection(SolutionProperties) = preSolution
		HideSolutionNode = FALSE
	EndGlobalSection
	GlobalSection(NestedProjects) = preSolution
		{801AADA2-B688-4C03-B5F4-16FAEA691ED6} = {59805BE0-FB02-4182-A55C-7A754E757F16}
		{662806AA-F6EF-4244-BAA9-5C07BF7E717C} = {8327B790-49FF-48B1-8738-B75CA3C77F6A}
		{AD7F326A-2C39-46D4-8EC6-AFB9CE550559} = {EAE011DF-077A-47B6-9E82-B60E5DB5C9C8}
		{9CD2D306-D115-4F6F-A978-EAA3D58E9AF1} = {EAE011DF-077A-47B6-9E82-B60E5DB5C9C8}
		{8A7FCB60-3E42-4AEA-AE99-7825D897C597} = {8327B790-49FF-48B1-8738-B75CA3C77F6A}
		{DAA4511C-D8D6-44B8-87BE-031775883960} = {8A8C8B4B-32AF-4141-950E-EF4BB67D34BD}
		{8463ED2A-03B3-4226-9C09-E360F8642F6E} = {8A8C8B4B-32AF-4141-950E-EF4BB67D34BD}
		{F8513714-80B9-4034-87EF-8CBAC91C1218} = {57F3FA34-6509-401B-8324-DDCB666E81E5}
	EndGlobalSection
	GlobalSection(ExtensibilityGlobals) = postSolution
		SolutionGuid = {E3BC6CE3-1114-4D06-9CA8-C3A9A42A28D9}
	EndGlobalSection
EndGlobal
